// !$*UTF8*$!
{
	archiveVersion = 1;
	classes = {
	};
	objectVersion = 56;
	objects = {

/* Begin PBXBuildFile section */
		CE2E69E72B8AA17E007A9818 /* SettingsVC.swift in Sources */ = {isa = PBXBuildFile; fileRef = CE2E69E62B8AA17E007A9818 /* SettingsVC.swift */; };
		CE3E75732BA5082C0028F3A9 /* Note+CoreDataClass.swift in Sources */ = {isa = PBXBuildFile; fileRef = CE3E75712BA5082C0028F3A9 /* Note+CoreDataClass.swift */; };
		CE3E75742BA5082C0028F3A9 /* Note+CoreDataProperties.swift in Sources */ = {isa = PBXBuildFile; fileRef = CE3E75722BA5082C0028F3A9 /* Note+CoreDataProperties.swift */; };
		CE3E75792BA510A20028F3A9 /* CoreDataService.swift in Sources */ = {isa = PBXBuildFile; fileRef = CE3E75782BA510A20028F3A9 /* CoreDataService.swift */; };
		CE5374BF2B8705EE00067146 /* AppDelegate.swift in Sources */ = {isa = PBXBuildFile; fileRef = CE5374BE2B8705EE00067146 /* AppDelegate.swift */; };
		CE5374C12B8705EE00067146 /* SceneDelegate.swift in Sources */ = {isa = PBXBuildFile; fileRef = CE5374C02B8705EE00067146 /* SceneDelegate.swift */; };
		CE5374C32B8705EE00067146 /* HomeView.swift in Sources */ = {isa = PBXBuildFile; fileRef = CE5374C22B8705EE00067146 /* HomeView.swift */; };
		CE5374C82B8705EF00067146 /* Assets.xcassets in Resources */ = {isa = PBXBuildFile; fileRef = CE5374C72B8705EF00067146 /* Assets.xcassets */; };
		CE5374CB2B8705EF00067146 /* LaunchScreen.storyboard in Resources */ = {isa = PBXBuildFile; fileRef = CE5374C92B8705EF00067146 /* LaunchScreen.storyboard */; };
		CE5374D72B8706C800067146 /* SnapKit in Frameworks */ = {isa = PBXBuildFile; productRef = CE5374D62B8706C800067146 /* SnapKit */; };
		CE5374DA2B87070B00067146 /* MakerView.swift in Sources */ = {isa = PBXBuildFile; fileRef = CE5374D92B87070B00067146 /* MakerView.swift */; };
		CE5374DC2B87103600067146 /* NoteCell.swift in Sources */ = {isa = PBXBuildFile; fileRef = CE5374DB2B87103600067146 /* NoteCell.swift */; };
		CE5374DE2B87189500067146 /* HomeController.swift in Sources */ = {isa = PBXBuildFile; fileRef = CE5374DD2B87189500067146 /* HomeController.swift */; };
		CE5374E02B8718A700067146 /* HomeModel.swift in Sources */ = {isa = PBXBuildFile; fileRef = CE5374DF2B8718A700067146 /* HomeModel.swift */; };
		CE74D4942B9D737C001B63A4 /* Note.xcdatamodeld in Sources */ = {isa = PBXBuildFile; fileRef = CE74D4922B9D737C001B63A4 /* Note.xcdatamodeld */; };
		CE74D49E2B9D74F9001B63A4 /* Extension + UIColor.swift in Sources */ = {isa = PBXBuildFile; fileRef = CE74D49D2B9D74F9001B63A4 /* Extension + UIColor.swift */; };
		CE74D4A12B9D75D2001B63A4 /* NoteView.swift in Sources */ = {isa = PBXBuildFile; fileRef = CE74D4A02B9D75D2001B63A4 /* NoteView.swift */; };
		CE9BE6302B92AB65003225A4 /* SettingsController.swift in Sources */ = {isa = PBXBuildFile; fileRef = CE9BE62F2B92AB65003225A4 /* SettingsController.swift */; };
		CE9BE6322B92AB78003225A4 /* SettingsView.swift in Sources */ = {isa = PBXBuildFile; fileRef = CE9BE6312B92AB78003225A4 /* SettingsView.swift */; };
		CE9BE6342B92AB8B003225A4 /* SettingsCell.swift in Sources */ = {isa = PBXBuildFile; fileRef = CE9BE6332B92AB8B003225A4 /* SettingsCell.swift */; };
		CE9BE6382B92B306003225A4 /* SettingsModel.swift in Sources */ = {isa = PBXBuildFile; fileRef = CE9BE6372B92B306003225A4 /* SettingsModel.swift */; };
		CE9BE63B2B9828E7003225A4 /* OnBoardingView.swift in Sources */ = {isa = PBXBuildFile; fileRef = CE9BE63A2B9828E7003225A4 /* OnBoardingView.swift */; };
		CE9BE63D2B98294E003225A4 /* OnBoardCell.swift in Sources */ = {isa = PBXBuildFile; fileRef = CE9BE63C2B98294E003225A4 /* OnBoardCell.swift */; };
		CE9BE63F2B982964003225A4 /* OnBoardStruct.swift in Sources */ = {isa = PBXBuildFile; fileRef = CE9BE63E2B982964003225A4 /* OnBoardStruct.swift */; };
/* End PBXBuildFile section */

/* Begin PBXFileReference section */
		CE2E69E62B8AA17E007A9818 /* SettingsVC.swift */ = {isa = PBXFileReference; lastKnownFileType = sourcecode.swift; path = SettingsVC.swift; sourceTree = "<group>"; };
		CE3E75712BA5082C0028F3A9 /* Note+CoreDataClass.swift */ = {isa = PBXFileReference; lastKnownFileType = sourcecode.swift; path = "Note+CoreDataClass.swift"; sourceTree = "<group>"; };
		CE3E75722BA5082C0028F3A9 /* Note+CoreDataProperties.swift */ = {isa = PBXFileReference; lastKnownFileType = sourcecode.swift; path = "Note+CoreDataProperties.swift"; sourceTree = "<group>"; };
		CE3E75782BA510A20028F3A9 /* CoreDataService.swift */ = {isa = PBXFileReference; lastKnownFileType = sourcecode.swift; path = CoreDataService.swift; sourceTree = "<group>"; };
		CE5374BB2B8705EE00067146 /* MyNotes(5th-month).app */ = {isa = PBXFileReference; explicitFileType = wrapper.application; includeInIndex = 0; path = "MyNotes(5th-month).app"; sourceTree = BUILT_PRODUCTS_DIR; };
		CE5374BE2B8705EE00067146 /* AppDelegate.swift */ = {isa = PBXFileReference; lastKnownFileType = sourcecode.swift; path = AppDelegate.swift; sourceTree = "<group>"; };
		CE5374C02B8705EE00067146 /* SceneDelegate.swift */ = {isa = PBXFileReference; lastKnownFileType = sourcecode.swift; path = SceneDelegate.swift; sourceTree = "<group>"; };
		CE5374C22B8705EE00067146 /* HomeView.swift */ = {isa = PBXFileReference; lastKnownFileType = sourcecode.swift; path = HomeView.swift; sourceTree = "<group>"; };
		CE5374C72B8705EF00067146 /* Assets.xcassets */ = {isa = PBXFileReference; lastKnownFileType = folder.assetcatalog; path = Assets.xcassets; sourceTree = "<group>"; };
		CE5374CA2B8705EF00067146 /* Base */ = {isa = PBXFileReference; lastKnownFileType = file.storyboard; name = Base; path = Base.lproj/LaunchScreen.storyboard; sourceTree = "<group>"; };
		CE5374CC2B8705EF00067146 /* Info.plist */ = {isa = PBXFileReference; lastKnownFileType = text.plist.xml; path = Info.plist; sourceTree = "<group>"; };
		CE5374D92B87070B00067146 /* MakerView.swift */ = {isa = PBXFileReference; lastKnownFileType = sourcecode.swift; path = MakerView.swift; sourceTree = "<group>"; };
		CE5374DB2B87103600067146 /* NoteCell.swift */ = {isa = PBXFileReference; lastKnownFileType = sourcecode.swift; path = NoteCell.swift; sourceTree = "<group>"; };
		CE5374DD2B87189500067146 /* HomeController.swift */ = {isa = PBXFileReference; lastKnownFileType = sourcecode.swift; path = HomeController.swift; sourceTree = "<group>"; };
		CE5374DF2B8718A700067146 /* HomeModel.swift */ = {isa = PBXFileReference; lastKnownFileType = sourcecode.swift; path = HomeModel.swift; sourceTree = "<group>"; };
		CE74D4932B9D737C001B63A4 /* Note.xcdatamodel */ = {isa = PBXFileReference; lastKnownFileType = wrapper.xcdatamodel; path = Note.xcdatamodel; sourceTree = "<group>"; };
		CE74D49D2B9D74F9001B63A4 /* Extension + UIColor.swift */ = {isa = PBXFileReference; lastKnownFileType = sourcecode.swift; path = "Extension + UIColor.swift"; sourceTree = "<group>"; };
		CE74D4A02B9D75D2001B63A4 /* NoteView.swift */ = {isa = PBXFileReference; lastKnownFileType = sourcecode.swift; path = NoteView.swift; sourceTree = "<group>"; };
		CE9BE62F2B92AB65003225A4 /* SettingsController.swift */ = {isa = PBXFileReference; lastKnownFileType = sourcecode.swift; path = SettingsController.swift; sourceTree = "<group>"; };
		CE9BE6312B92AB78003225A4 /* SettingsView.swift */ = {isa = PBXFileReference; lastKnownFileType = sourcecode.swift; path = SettingsView.swift; sourceTree = "<group>"; };
		CE9BE6332B92AB8B003225A4 /* SettingsCell.swift */ = {isa = PBXFileReference; lastKnownFileType = sourcecode.swift; path = SettingsCell.swift; sourceTree = "<group>"; };
		CE9BE6372B92B306003225A4 /* SettingsModel.swift */ = {isa = PBXFileReference; lastKnownFileType = sourcecode.swift; path = SettingsModel.swift; sourceTree = "<group>"; };
		CE9BE63A2B9828E7003225A4 /* OnBoardingView.swift */ = {isa = PBXFileReference; lastKnownFileType = sourcecode.swift; path = OnBoardingView.swift; sourceTree = "<group>"; };
		CE9BE63C2B98294E003225A4 /* OnBoardCell.swift */ = {isa = PBXFileReference; lastKnownFileType = sourcecode.swift; path = OnBoardCell.swift; sourceTree = "<group>"; };
		CE9BE63E2B982964003225A4 /* OnBoardStruct.swift */ = {isa = PBXFileReference; lastKnownFileType = sourcecode.swift; path = OnBoardStruct.swift; sourceTree = "<group>"; };
/* End PBXFileReference section */

/* Begin PBXFrameworksBuildPhase section */
		CE5374B82B8705EE00067146 /* Frameworks */ = {
			isa = PBXFrameworksBuildPhase;
			buildActionMask = 2147483647;
			files = (
				CE5374D72B8706C800067146 /* SnapKit in Frameworks */,
			);
			runOnlyForDeploymentPostprocessing = 0;
		};
/* End PBXFrameworksBuildPhase section */

/* Begin PBXGroup section */
		CE2E69E82B8EF2FE007A9818 /* Settings */ = {
			isa = PBXGroup;
			children = (
				CE2E69E62B8AA17E007A9818 /* SettingsVC.swift */,
				CE9BE6312B92AB78003225A4 /* SettingsView.swift */,
				CE9BE62F2B92AB65003225A4 /* SettingsController.swift */,
				CE9BE6332B92AB8B003225A4 /* SettingsCell.swift */,
				CE9BE6372B92B306003225A4 /* SettingsModel.swift */,
			);
			path = Settings;
			sourceTree = "<group>";
		};
		CE3E75752BA50FDF0028F3A9 /* Services */ = {
			isa = PBXGroup;
			children = (
				CE3E75772BA510330028F3A9 /* CoreData */,
			);
			path = Services;
			sourceTree = "<group>";
		};
		CE3E75772BA510330028F3A9 /* CoreData */ = {
			isa = PBXGroup;
			children = (
				CE3E75782BA510A20028F3A9 /* CoreDataService.swift */,
			);
			path = CoreData;
			sourceTree = "<group>";
		};
		CE5374B22B8705EE00067146 = {
			isa = PBXGroup;
			children = (
				CE5374BD2B8705EE00067146 /* MyNotes(5th-month) */,
				CE5374BC2B8705EE00067146 /* Products */,
			);
			sourceTree = "<group>";
		};
		CE5374BC2B8705EE00067146 /* Products */ = {
			isa = PBXGroup;
			children = (
				CE5374BB2B8705EE00067146 /* MyNotes(5th-month).app */,
			);
			name = Products;
			sourceTree = "<group>";
		};
		CE5374BD2B8705EE00067146 /* MyNotes(5th-month) */ = {
			isa = PBXGroup;
			children = (
				CE3E75712BA5082C0028F3A9 /* Note+CoreDataClass.swift */,
				CE3E75722BA5082C0028F3A9 /* Note+CoreDataProperties.swift */,
				CE3E75752BA50FDF0028F3A9 /* Services */,
				CE9BE6402B9829B3003225A4 /* Modules */,
				CE5374D22B87067200067146 /* Delegate */,
				CE5374D42B87069B00067146 /* Resource */,
				CE9BE6392B9828B2003225A4 /* OnBoarding */,
				CE74D4992B9D746B001B63A4 /* SupportFiles */,
				CE74D4922B9D737C001B63A4 /* Note.xcdatamodeld */,
				CE5374CC2B8705EF00067146 /* Info.plist */,
			);
			path = "MyNotes(5th-month)";
			sourceTree = "<group>";
		};
		CE5374D22B87067200067146 /* Delegate */ = {
			isa = PBXGroup;
			children = (
				CE5374BE2B8705EE00067146 /* AppDelegate.swift */,
				CE5374C02B8705EE00067146 /* SceneDelegate.swift */,
			);
			path = Delegate;
			sourceTree = "<group>";
		};
		CE5374D32B87068700067146 /* Home */ = {
			isa = PBXGroup;
			children = (
				CE5374C22B8705EE00067146 /* HomeView.swift */,
				CE5374DB2B87103600067146 /* NoteCell.swift */,
				CE5374DD2B87189500067146 /* HomeController.swift */,
				CE5374DF2B8718A700067146 /* HomeModel.swift */,
			);
			path = Home;
			sourceTree = "<group>";
		};
		CE5374D42B87069B00067146 /* Resource */ = {
			isa = PBXGroup;
			children = (
				CE5374C72B8705EF00067146 /* Assets.xcassets */,
				CE5374C92B8705EF00067146 /* LaunchScreen.storyboard */,
			);
			path = Resource;
			sourceTree = "<group>";
		};
		CE5374D82B8706F500067146 /* Helper */ = {
			isa = PBXGroup;
			children = (
				CE5374D92B87070B00067146 /* MakerView.swift */,
			);
			path = Helper;
			sourceTree = "<group>";
		};
		CE74D4992B9D746B001B63A4 /* SupportFiles */ = {
			isa = PBXGroup;
			children = (
				CE74D49D2B9D74F9001B63A4 /* Extension + UIColor.swift */,
			);
			path = SupportFiles;
			sourceTree = "<group>";
		};
		CE74D49F2B9D75B8001B63A4 /* Note */ = {
			isa = PBXGroup;
			children = (
				CE74D4A02B9D75D2001B63A4 /* NoteView.swift */,
			);
			path = Note;
			sourceTree = "<group>";
		};
		CE9BE6392B9828B2003225A4 /* OnBoarding */ = {
			isa = PBXGroup;
			children = (
				CE9BE63A2B9828E7003225A4 /* OnBoardingView.swift */,
				CE9BE63C2B98294E003225A4 /* OnBoardCell.swift */,
				CE9BE63E2B982964003225A4 /* OnBoardStruct.swift */,
			);
			path = OnBoarding;
			sourceTree = "<group>";
		};
		CE9BE6402B9829B3003225A4 /* Modules */ = {
			isa = PBXGroup;
			children = (
				CE74D49F2B9D75B8001B63A4 /* Note */,
				CE2E69E82B8EF2FE007A9818 /* Settings */,
				CE5374D32B87068700067146 /* Home */,
				CE5374D82B8706F500067146 /* Helper */,
			);
			path = Modules;
			sourceTree = "<group>";
		};
/* End PBXGroup section */

/* Begin PBXNativeTarget section */
		CE5374BA2B8705EE00067146 /* MyNotes(5th-month) */ = {
			isa = PBXNativeTarget;
			buildConfigurationList = CE5374CF2B8705EF00067146 /* Build configuration list for PBXNativeTarget "MyNotes(5th-month)" */;
			buildPhases = (
				CE5374B72B8705EE00067146 /* Sources */,
				CE5374B82B8705EE00067146 /* Frameworks */,
				CE5374B92B8705EE00067146 /* Resources */,
			);
			buildRules = (
			);
			dependencies = (
			);
			name = "MyNotes(5th-month)";
			packageProductDependencies = (
				CE5374D62B8706C800067146 /* SnapKit */,
			);
			productName = "MyNotes(5th-month)";
			productReference = CE5374BB2B8705EE00067146 /* MyNotes(5th-month).app */;
			productType = "com.apple.product-type.application";
		};
/* End PBXNativeTarget section */

/* Begin PBXProject section */
		CE5374B32B8705EE00067146 /* Project object */ = {
			isa = PBXProject;
			attributes = {
				BuildIndependentTargetsInParallel = 1;
				LastSwiftUpdateCheck = 1430;
				LastUpgradeCheck = 1430;
				TargetAttributes = {
					CE5374BA2B8705EE00067146 = {
						CreatedOnToolsVersion = 14.3.1;
					};
				};
			};
			buildConfigurationList = CE5374B62B8705EE00067146 /* Build configuration list for PBXProject "MyNotes(5th-month)" */;
			compatibilityVersion = "Xcode 14.0";
			developmentRegion = en;
			hasScannedForEncodings = 0;
			knownRegions = (
				en,
				Base,
			);
			mainGroup = CE5374B22B8705EE00067146;
			packageReferences = (
				CE5374D52B8706C800067146 /* XCRemoteSwiftPackageReference "SnapKit" */,
			);
			productRefGroup = CE5374BC2B8705EE00067146 /* Products */;
			projectDirPath = "";
			projectRoot = "";
			targets = (
				CE5374BA2B8705EE00067146 /* MyNotes(5th-month) */,
			);
		};
/* End PBXProject section */

/* Begin PBXResourcesBuildPhase section */
		CE5374B92B8705EE00067146 /* Resources */ = {
			isa = PBXResourcesBuildPhase;
			buildActionMask = 2147483647;
			files = (
				CE5374CB2B8705EF00067146 /* LaunchScreen.storyboard in Resources */,
				CE5374C82B8705EF00067146 /* Assets.xcassets in Resources */,
			);
			runOnlyForDeploymentPostprocessing = 0;
		};
/* End PBXResourcesBuildPhase section */

/* Begin PBXSourcesBuildPhase section */
		CE5374B72B8705EE00067146 /* Sources */ = {
			isa = PBXSourcesBuildPhase;
			buildActionMask = 2147483647;
			files = (
				CE9BE6382B92B306003225A4 /* SettingsModel.swift in Sources */,
				CE9BE6302B92AB65003225A4 /* SettingsController.swift in Sources */,
				CE9BE63F2B982964003225A4 /* OnBoardStruct.swift in Sources */,
				CE5374C32B8705EE00067146 /* HomeView.swift in Sources */,
				CE5374DA2B87070B00067146 /* MakerView.swift in Sources */,
				CE5374DE2B87189500067146 /* HomeController.swift in Sources */,
				CE5374E02B8718A700067146 /* HomeModel.swift in Sources */,
				CE3E75792BA510A20028F3A9 /* CoreDataService.swift in Sources */,
				CE9BE6322B92AB78003225A4 /* SettingsView.swift in Sources */,
				CE74D4A12B9D75D2001B63A4 /* NoteView.swift in Sources */,
				CE3E75742BA5082C0028F3A9 /* Note+CoreDataProperties.swift in Sources */,
				CE5374DC2B87103600067146 /* NoteCell.swift in Sources */,
				CE2E69E72B8AA17E007A9818 /* SettingsVC.swift in Sources */,
				CE5374BF2B8705EE00067146 /* AppDelegate.swift in Sources */,
				CE5374C12B8705EE00067146 /* SceneDelegate.swift in Sources */,
				CE74D49E2B9D74F9001B63A4 /* Extension + UIColor.swift in Sources */,
				CE9BE63D2B98294E003225A4 /* OnBoardCell.swift in Sources */,
				CE9BE6342B92AB8B003225A4 /* SettingsCell.swift in Sources */,
				CE9BE63B2B9828E7003225A4 /* OnBoardingView.swift in Sources */,
				CE74D4942B9D737C001B63A4 /* Note.xcdatamodeld in Sources */,
				CE3E75732BA5082C0028F3A9 /* Note+CoreDataClass.swift in Sources */,
			);
			runOnlyForDeploymentPostprocessing = 0;
		};
/* End PBXSourcesBuildPhase section */

/* Begin PBXVariantGroup section */
		CE5374C92B8705EF00067146 /* LaunchScreen.storyboard */ = {
			isa = PBXVariantGroup;
			children = (
				CE5374CA2B8705EF00067146 /* Base */,
			);
			name = LaunchScreen.storyboard;
			sourceTree = "<group>";
		};
/* End PBXVariantGroup section */

/* Begin XCBuildConfiguration section */
		CE5374CD2B8705EF00067146 /* Debug */ = {
			isa = XCBuildConfiguration;
			buildSettings = {
				ALWAYS_SEARCH_USER_PATHS = NO;
				CLANG_ANALYZER_NONNULL = YES;
				CLANG_ANALYZER_NUMBER_OBJECT_CONVERSION = YES_AGGRESSIVE;
				CLANG_CXX_LANGUAGE_STANDARD = "gnu++20";
				CLANG_ENABLE_MODULES = YES;
				CLANG_ENABLE_OBJC_ARC = YES;
				CLANG_ENABLE_OBJC_WEAK = YES;
				CLANG_WARN_BLOCK_CAPTURE_AUTORELEASING = YES;
				CLANG_WARN_BOOL_CONVERSION = YES;
				CLANG_WARN_COMMA = YES;
				CLANG_WARN_CONSTANT_CONVERSION = YES;
				CLANG_WARN_DEPRECATED_OBJC_IMPLEMENTATIONS = YES;
				CLANG_WARN_DIRECT_OBJC_ISA_USAGE = YES_ERROR;
				CLANG_WARN_DOCUMENTATION_COMMENTS = YES;
				CLANG_WARN_EMPTY_BODY = YES;
				CLANG_WARN_ENUM_CONVERSION = YES;
				CLANG_WARN_INFINITE_RECURSION = YES;
				CLANG_WARN_INT_CONVERSION = YES;
				CLANG_WARN_NON_LITERAL_NULL_CONVERSION = YES;
				CLANG_WARN_OBJC_IMPLICIT_RETAIN_SELF = YES;
				CLANG_WARN_OBJC_LITERAL_CONVERSION = YES;
				CLANG_WARN_OBJC_ROOT_CLASS = YES_ERROR;
				CLANG_WARN_QUOTED_INCLUDE_IN_FRAMEWORK_HEADER = YES;
				CLANG_WARN_RANGE_LOOP_ANALYSIS = YES;
				CLANG_WARN_STRICT_PROTOTYPES = YES;
				CLANG_WARN_SUSPICIOUS_MOVE = YES;
				CLANG_WARN_UNGUARDED_AVAILABILITY = YES_AGGRESSIVE;
				CLANG_WARN_UNREACHABLE_CODE = YES;
				CLANG_WARN__DUPLICATE_METHOD_MATCH = YES;
				COPY_PHASE_STRIP = NO;
				DEBUG_INFORMATION_FORMAT = dwarf;
				ENABLE_STRICT_OBJC_MSGSEND = YES;
				ENABLE_TESTABILITY = YES;
				GCC_C_LANGUAGE_STANDARD = gnu11;
				GCC_DYNAMIC_NO_PIC = NO;
				GCC_NO_COMMON_BLOCKS = YES;
				GCC_OPTIMIZATION_LEVEL = 0;
				GCC_PREPROCESSOR_DEFINITIONS = (
					"DEBUG=1",
					"$(inherited)",
				);
				GCC_WARN_64_TO_32_BIT_CONVERSION = YES;
				GCC_WARN_ABOUT_RETURN_TYPE = YES_ERROR;
				GCC_WARN_UNDECLARED_SELECTOR = YES;
				GCC_WARN_UNINITIALIZED_AUTOS = YES_AGGRESSIVE;
				GCC_WARN_UNUSED_FUNCTION = YES;
				GCC_WARN_UNUSED_VARIABLE = YES;
				IPHONEOS_DEPLOYMENT_TARGET = 16.4;
				MTL_ENABLE_DEBUG_INFO = INCLUDE_SOURCE;
				MTL_FAST_MATH = YES;
				ONLY_ACTIVE_ARCH = YES;
				SDKROOT = iphoneos;
				SWIFT_ACTIVE_COMPILATION_CONDITIONS = DEBUG;
				SWIFT_OPTIMIZATION_LEVEL = "-Onone";
			};
			name = Debug;
		};
		CE5374CE2B8705EF00067146 /* Release */ = {
			isa = XCBuildConfiguration;
			buildSettings = {
				ALWAYS_SEARCH_USER_PATHS = NO;
				CLANG_ANALYZER_NONNULL = YES;
				CLANG_ANALYZER_NUMBER_OBJECT_CONVERSION = YES_AGGRESSIVE;
				CLANG_CXX_LANGUAGE_STANDARD = "gnu++20";
				CLANG_ENABLE_MODULES = YES;
				CLANG_ENABLE_OBJC_ARC = YES;
				CLANG_ENABLE_OBJC_WEAK = YES;
				CLANG_WARN_BLOCK_CAPTURE_AUTORELEASING = YES;
				CLANG_WARN_BOOL_CONVERSION = YES;
				CLANG_WARN_COMMA = YES;
				CLANG_WARN_CONSTANT_CONVERSION = YES;
				CLANG_WARN_DEPRECATED_OBJC_IMPLEMENTATIONS = YES;
				CLANG_WARN_DIRECT_OBJC_ISA_USAGE = YES_ERROR;
				CLANG_WARN_DOCUMENTATION_COMMENTS = YES;
				CLANG_WARN_EMPTY_BODY = YES;
				CLANG_WARN_ENUM_CONVERSION = YES;
				CLANG_WARN_INFINITE_RECURSION = YES;
				CLANG_WARN_INT_CONVERSION = YES;
				CLANG_WARN_NON_LITERAL_NULL_CONVERSION = YES;
				CLANG_WARN_OBJC_IMPLICIT_RETAIN_SELF = YES;
				CLANG_WARN_OBJC_LITERAL_CONVERSION = YES;
				CLANG_WARN_OBJC_ROOT_CLASS = YES_ERROR;
				CLANG_WARN_QUOTED_INCLUDE_IN_FRAMEWORK_HEADER = YES;
				CLANG_WARN_RANGE_LOOP_ANALYSIS = YES;
				CLANG_WARN_STRICT_PROTOTYPES = YES;
				CLANG_WARN_SUSPICIOUS_MOVE = YES;
				CLANG_WARN_UNGUARDED_AVAILABILITY = YES_AGGRESSIVE;
				CLANG_WARN_UNREACHABLE_CODE = YES;
				CLANG_WARN__DUPLICATE_METHOD_MATCH = YES;
				COPY_PHASE_STRIP = NO;
				DEBUG_INFORMATION_FORMAT = "dwarf-with-dsym";
				ENABLE_NS_ASSERTIONS = NO;
				ENABLE_STRICT_OBJC_MSGSEND = YES;
				GCC_C_LANGUAGE_STANDARD = gnu11;
				GCC_NO_COMMON_BLOCKS = YES;
				GCC_WARN_64_TO_32_BIT_CONVERSION = YES;
				GCC_WARN_ABOUT_RETURN_TYPE = YES_ERROR;
				GCC_WARN_UNDECLARED_SELECTOR = YES;
				GCC_WARN_UNINITIALIZED_AUTOS = YES_AGGRESSIVE;
				GCC_WARN_UNUSED_FUNCTION = YES;
				GCC_WARN_UNUSED_VARIABLE = YES;
				IPHONEOS_DEPLOYMENT_TARGET = 16.4;
				MTL_ENABLE_DEBUG_INFO = NO;
				MTL_FAST_MATH = YES;
				SDKROOT = iphoneos;
				SWIFT_COMPILATION_MODE = wholemodule;
				SWIFT_OPTIMIZATION_LEVEL = "-O";
				VALIDATE_PRODUCT = YES;
			};
			name = Release;
		};
		CE5374D02B8705EF00067146 /* Debug */ = {
			isa = XCBuildConfiguration;
			buildSettings = {
				ASSETCATALOG_COMPILER_APPICON_NAME = AppIcon;
				ASSETCATALOG_COMPILER_GLOBAL_ACCENT_COLOR_NAME = AccentColor;
				CODE_SIGN_STYLE = Automatic;
				CURRENT_PROJECT_VERSION = 1;
				GENERATE_INFOPLIST_FILE = YES;
				INFOPLIST_FILE = "MyNotes(5th-month)/Info.plist";
				INFOPLIST_KEY_UIApplicationSupportsIndirectInputEvents = YES;
				INFOPLIST_KEY_UILaunchStoryboardName = LaunchScreen;
				INFOPLIST_KEY_UISupportedInterfaceOrientations_iPad = "UIInterfaceOrientationPortrait UIInterfaceOrientationPortraitUpsideDown UIInterfaceOrientationLandscapeLeft UIInterfaceOrientationLandscapeRight";
				INFOPLIST_KEY_UISupportedInterfaceOrientations_iPhone = "UIInterfaceOrientationPortrait UIInterfaceOrientationLandscapeLeft UIInterfaceOrientationLandscapeRight";
				LD_RUNPATH_SEARCH_PATHS = (
					"$(inherited)",
					"@executable_path/Frameworks",
				);
				MARKETING_VERSION = 1.0;
				PRODUCT_BUNDLE_IDENTIFIER = "adi.MyNotes-5th-month-";
				PRODUCT_NAME = "$(TARGET_NAME)";
				SWIFT_EMIT_LOC_STRINGS = YES;
				SWIFT_VERSION = 5.0;
				TARGETED_DEVICE_FAMILY = "1,2";
			};
			name = Debug;
		};
		CE5374D12B8705EF00067146 /* Release */ = {
			isa = XCBuildConfiguration;
			buildSettings = {
				ASSETCATALOG_COMPILER_APPICON_NAME = AppIcon;
				ASSETCATALOG_COMPILER_GLOBAL_ACCENT_COLOR_NAME = AccentColor;
				CODE_SIGN_STYLE = Automatic;
				CURRENT_PROJECT_VERSION = 1;
				GENERATE_INFOPLIST_FILE = YES;
				INFOPLIST_FILE = "MyNotes(5th-month)/Info.plist";
				INFOPLIST_KEY_UIApplicationSupportsIndirectInputEvents = YES;
				INFOPLIST_KEY_UILaunchStoryboardName = LaunchScreen;
				INFOPLIST_KEY_UISupportedInterfaceOrientations_iPad = "UIInterfaceOrientationPortrait UIInterfaceOrientationPortraitUpsideDown UIInterfaceOrientationLandscapeLeft UIInterfaceOrientationLandscapeRight";
				INFOPLIST_KEY_UISupportedInterfaceOrientations_iPhone = "UIInterfaceOrientationPortrait UIInterfaceOrientationLandscapeLeft UIInterfaceOrientationLandscapeRight";
				LD_RUNPATH_SEARCH_PATHS = (
					"$(inherited)",
					"@executable_path/Frameworks",
				);
				MARKETING_VERSION = 1.0;
				PRODUCT_BUNDLE_IDENTIFIER = "adi.MyNotes-5th-month-";
				PRODUCT_NAME = "$(TARGET_NAME)";
				SWIFT_EMIT_LOC_STRINGS = YES;
				SWIFT_VERSION = 5.0;
				TARGETED_DEVICE_FAMILY = "1,2";
			};
			name = Release;
		};
/* End XCBuildConfiguration section */

/* Begin XCConfigurationList section */
		CE5374B62B8705EE00067146 /* Build configuration list for PBXProject "MyNotes(5th-month)" */ = {
			isa = XCConfigurationList;
			buildConfigurations = (
				CE5374CD2B8705EF00067146 /* Debug */,
				CE5374CE2B8705EF00067146 /* Release */,
			);
			defaultConfigurationIsVisible = 0;
			defaultConfigurationName = Release;
		};
		CE5374CF2B8705EF00067146 /* Build configuration list for PBXNativeTarget "MyNotes(5th-month)" */ = {
			isa = XCConfigurationList;
			buildConfigurations = (
				CE5374D02B8705EF00067146 /* Debug */,
				CE5374D12B8705EF00067146 /* Release */,
			);
			defaultConfigurationIsVisible = 0;
			defaultConfigurationName = Release;
		};
/* End XCConfigurationList section */

/* Begin XCRemoteSwiftPackageReference section */
		CE5374D52B8706C800067146 /* XCRemoteSwiftPackageReference "SnapKit" */ = {
			isa = XCRemoteSwiftPackageReference;
			repositoryURL = "https://github.com/SnapKit/SnapKit.git";
			requirement = {
				kind = upToNextMajorVersion;
				minimumVersion = 5.0.0;
			};
		};
/* End XCRemoteSwiftPackageReference section */

/* Begin XCSwiftPackageProductDependency section */
		CE5374D62B8706C800067146 /* SnapKit */ = {
			isa = XCSwiftPackageProductDependency;
			package = CE5374D52B8706C800067146 /* XCRemoteSwiftPackageReference "SnapKit" */;
			productName = SnapKit;
		};
/* End XCSwiftPackageProductDependency section */

/* Begin XCVersionGroup section */
		CE74D4922B9D737C001B63A4 /* Note.xcdatamodeld */ = {
			isa = XCVersionGroup;
			children = (
				CE74D4932B9D737C001B63A4 /* Note.xcdatamodel */,
			);
			currentVersion = CE74D4932B9D737C001B63A4 /* Note.xcdatamodel */;
			path = Note.xcdatamodeld;
			sourceTree = "<group>";
			versionGroupType = wrapper.xcdatamodel;
		};
/* End XCVersionGroup section */
	};
	rootObject = CE5374B32B8705EE00067146 /* Project object */;
}
